// !$*UTF8*$!
{
	archiveVersion = 1;
	classes = {
	};
	objectVersion = 46;
	objects = {

/* Begin PBXBuildFile section */
		096F4B1D1B411EA20067A50E /* main.m in Sources */ = {isa = PBXBuildFile; fileRef = 096F4B1C1B411EA20067A50E /* main.m */; };
		096F4B201B411EA20067A50E /* AppDelegate.m in Sources */ = {isa = PBXBuildFile; fileRef = 096F4B1F1B411EA20067A50E /* AppDelegate.m */; };
		096F4B231B411EA20067A50E /* ViewController.m in Sources */ = {isa = PBXBuildFile; fileRef = 096F4B221B411EA20067A50E /* ViewController.m */; };
		096F4B261B411EA20067A50E /* Main.storyboard in Resources */ = {isa = PBXBuildFile; fileRef = 096F4B241B411EA20067A50E /* Main.storyboard */; };
		096F4B281B411EA20067A50E /* Images.xcassets in Resources */ = {isa = PBXBuildFile; fileRef = 096F4B271B411EA20067A50E /* Images.xcassets */; };
		096F4B2B1B411EA20067A50E /* LaunchScreen.xib in Resources */ = {isa = PBXBuildFile; fileRef = 096F4B291B411EA20067A50E /* LaunchScreen.xib */; };
		096F4B371B411EA20067A50E /* DZLoadMoreDemoTests.m in Sources */ = {isa = PBXBuildFile; fileRef = 096F4B361B411EA20067A50E /* DZLoadMoreDemoTests.m */; };
/* End PBXBuildFile section */

/* Begin PBXContainerItemProxy section */
		096F4B311B411EA20067A50E /* PBXContainerItemProxy */ = {
			isa = PBXContainerItemProxy;
			containerPortal = 096F4B0F1B411EA20067A50E /* Project object */;
			proxyType = 1;
			remoteGlobalIDString = 096F4B161B411EA20067A50E;
			remoteInfo = DZLoadMoreDemo;
		};
/* End PBXContainerItemProxy section */

/* Begin PBXFileReference section */
		096F4B171B411EA20067A50E /* DZLoadMoreDemo.app */ = {isa = PBXFileReference; explicitFileType = wrapper.application; includeInIndex = 0; path = DZLoadMoreDemo.app; sourceTree = BUILT_PRODUCTS_DIR; };
		096F4B1B1B411EA20067A50E /* Info.plist */ = {isa = PBXFileReference; lastKnownFileType = text.plist.xml; path = Info.plist; sourceTree = "<group>"; };
		096F4B1C1B411EA20067A50E /* main.m */ = {isa = PBXFileReference; lastKnownFileType = sourcecode.c.objc; path = main.m; sourceTree = "<group>"; };
		096F4B1E1B411EA20067A50E /* AppDelegate.h */ = {isa = PBXFileReference; lastKnownFileType = sourcecode.c.h; path = AppDelegate.h; sourceTree = "<group>"; };
		096F4B1F1B411EA20067A50E /* AppDelegate.m */ = {isa = PBXFileReference; lastKnownFileType = sourcecode.c.objc; path = AppDelegate.m; sourceTree = "<group>"; };
		096F4B211B411EA20067A50E /* ViewController.h */ = {isa = PBXFileReference; lastKnownFileType = sourcecode.c.h; path = ViewController.h; sourceTree = "<group>"; };
		096F4B221B411EA20067A50E /* ViewController.m */ = {isa = PBXFileReference; lastKnownFileType = sourcecode.c.objc; path = ViewController.m; sourceTree = "<group>"; };
		096F4B251B411EA20067A50E /* Base */ = {isa = PBXFileReference; lastKnownFileType = file.storyboard; name = Base; path = Base.lproj/Main.storyboard; sourceTree = "<group>"; };
		096F4B271B411EA20067A50E /* Images.xcassets */ = {isa = PBXFileReference; lastKnownFileType = folder.assetcatalog; path = Images.xcassets; sourceTree = "<group>"; };
		096F4B2A1B411EA20067A50E /* Base */ = {isa = PBXFileReference; lastKnownFileType = file.xib; name = Base; path = Base.lproj/LaunchScreen.xib; sourceTree = "<group>"; };
		096F4B301B411EA20067A50E /* DZLoadMoreDemoTests.xctest */ = {isa = PBXFileReference; explicitFileType = wrapper.cfbundle; includeInIndex = 0; path = DZLoadMoreDemoTests.xctest; sourceTree = BUILT_PRODUCTS_DIR; };
		096F4B351B411EA20067A50E /* Info.plist */ = {isa = PBXFileReference; lastKnownFileType = text.plist.xml; path = Info.plist; sourceTree = "<group>"; };
		096F4B361B411EA20067A50E /* DZLoadMoreDemoTests.m */ = {isa = PBXFileReference; lastKnownFileType = sourcecode.c.objc; path = DZLoadMoreDemoTests.m; sourceTree = "<group>"; };
/* End PBXFileReference section */

/* Begin PBXFrameworksBuildPhase section */
		096F4B141B411EA20067A50E /* Frameworks */ = {
			isa = PBXFrameworksBuildPhase;
			buildActionMask = 2147483647;
			files = (
			);
			runOnlyForDeploymentPostprocessing = 0;
		};
		096F4B2D1B411EA20067A50E /* Frameworks */ = {
			isa = PBXFrameworksBuildPhase;
			buildActionMask = 2147483647;
			files = (
			);
			runOnlyForDeploymentPostprocessing = 0;
		};
/* End PBXFrameworksBuildPhase section */

/* Begin PBXGroup section */
		096F4B0E1B411EA20067A50E = {
			isa = PBXGroup;
			children = (
				096F4B191B411EA20067A50E /* DZLoadMoreDemo */,
				096F4B331B411EA20067A50E /* DZLoadMoreDemoTests */,
				096F4B181B411EA20067A50E /* Products */,
			);
			sourceTree = "<group>";
		};
		096F4B181B411EA20067A50E /* Products */ = {
			isa = PBXGroup;
			children = (
				096F4B171B411EA20067A50E /* DZLoadMoreDemo.app */,
				096F4B301B411EA20067A50E /* DZLoadMoreDemoTests.xctest */,
			);
			name = Products;
			sourceTree = "<group>";
		};
		096F4B191B411EA20067A50E /* DZLoadMoreDemo */ = {
			isa = PBXGroup;
			children = (
				096F4B1E1B411EA20067A50E /* AppDelegate.h */,
				096F4B1F1B411EA20067A50E /* AppDelegate.m */,
				096F4B211B411EA20067A50E /* ViewController.h */,
				096F4B221B411EA20067A50E /* ViewController.m */,
				096F4B241B411EA20067A50E /* Main.storyboard */,
				096F4B271B411EA20067A50E /* Images.xcassets */,
				096F4B291B411EA20067A50E /* LaunchScreen.xib */,
				096F4B1A1B411EA20067A50E /* Supporting Files */,
			);
			path = DZLoadMoreDemo;
			sourceTree = "<group>";
		};
		096F4B1A1B411EA20067A50E /* Supporting Files */ = {
			isa = PBXGroup;
			children = (
				096F4B1B1B411EA20067A50E /* Info.plist */,
				096F4B1C1B411EA20067A50E /* main.m */,
			);
			name = "Supporting Files";
			sourceTree = "<group>";
		};
		096F4B331B411EA20067A50E /* DZLoadMoreDemoTests */ = {
			isa = PBXGroup;
			children = (
				096F4B361B411EA20067A50E /* DZLoadMoreDemoTests.m */,
				096F4B341B411EA20067A50E /* Supporting Files */,
			);
			path = DZLoadMoreDemoTests;
			sourceTree = "<group>";
		};
		096F4B341B411EA20067A50E /* Supporting Files */ = {
			isa = PBXGroup;
			children = (
				096F4B351B411EA20067A50E /* Info.plist */,
			);
			name = "Supporting Files";
			sourceTree = "<group>";
		};
/* End PBXGroup section */

/* Begin PBXNativeTarget section */
		096F4B161B411EA20067A50E /* DZLoadMoreDemo */ = {
			isa = PBXNativeTarget;
			buildConfigurationList = 096F4B3A1B411EA20067A50E /* Build configuration list for PBXNativeTarget "DZLoadMoreDemo" */;
			buildPhases = (
				096F4B131B411EA20067A50E /* Sources */,
				096F4B141B411EA20067A50E /* Frameworks */,
				096F4B151B411EA20067A50E /* Resources */,
			);
			buildRules = (
			);
			dependencies = (
			);
			name = DZLoadMoreDemo;
			productName = DZLoadMoreDemo;
			productReference = 096F4B171B411EA20067A50E /* DZLoadMoreDemo.app */;
			productType = "com.apple.product-type.application";
		};
		096F4B2F1B411EA20067A50E /* DZLoadMoreDemoTests */ = {
			isa = PBXNativeTarget;
			buildConfigurationList = 096F4B3D1B411EA20067A50E /* Build configuration list for PBXNativeTarget "DZLoadMoreDemoTests" */;
			buildPhases = (
				096F4B2C1B411EA20067A50E /* Sources */,
				096F4B2D1B411EA20067A50E /* Frameworks */,
				096F4B2E1B411EA20067A50E /* Resources */,
			);
			buildRules = (
			);
			dependencies = (
				096F4B321B411EA20067A50E /* PBXTargetDependency */,
			);
			name = DZLoadMoreDemoTests;
			productName = DZLoadMoreDemoTests;
			productReference = 096F4B301B411EA20067A50E /* DZLoadMoreDemoTests.xctest */;
			productType = "com.apple.product-type.bundle.unit-test";
		};
/* End PBXNativeTarget section */

/* Begin PBXProject section */
		096F4B0F1B411EA20067A50E /* Project object */ = {
			isa = PBXProject;
			attributes = {
				LastUpgradeCheck = 0630;
				ORGANIZATIONNAME = "Danis Ziganshin";
				TargetAttributes = {
					096F4B161B411EA20067A50E = {
						CreatedOnToolsVersion = 6.3.2;
					};
					096F4B2F1B411EA20067A50E = {
						CreatedOnToolsVersion = 6.3.2;
						TestTargetID = 096F4B161B411EA20067A50E;
					};
				};
			};
			buildConfigurationList = 096F4B121B411EA20067A50E /* Build configuration list for PBXProject "DZLoadMoreDemo" */;
			compatibilityVersion = "Xcode 3.2";
			developmentRegion = English;
			hasScannedForEncodings = 0;
			knownRegions = (
				en,
				Base,
			);
			mainGroup = 096F4B0E1B411EA20067A50E;
			productRefGroup = 096F4B181B411EA20067A50E /* Products */;
			projectDirPath = "";
			projectRoot = "";
			targets = (
				096F4B161B411EA20067A50E /* DZLoadMoreDemo */,
				096F4B2F1B411EA20067A50E /* DZLoadMoreDemoTests */,
			);
		};
/* End PBXProject section */

/* Begin PBXResourcesBuildPhase section */
		096F4B151B411EA20067A50E /* Resources */ = {
			isa = PBXResourcesBuildPhase;
			buildActionMask = 2147483647;
			files = (
				096F4B261B411EA20067A50E /* Main.storyboard in Resources */,
				096F4B2B1B411EA20067A50E /* LaunchScreen.xib in Resources */,
				096F4B281B411EA20067A50E /* Images.xcassets in Resources */,
			);
			runOnlyForDeploymentPostprocessing = 0;
		};
		096F4B2E1B411EA20067A50E /* Resources */ = {
			isa = PBXResourcesBuildPhase;
			buildActionMask = 2147483647;
			files = (
			);
			runOnlyForDeploymentPostprocessing = 0;
		};
/* End PBXResourcesBuildPhase section */

/* Begin PBXSourcesBuildPhase section */
		096F4B131B411EA20067A50E /* Sources */ = {
			isa = PBXSourcesBuildPhase;
			buildActionMask = 2147483647;
			files = (
				096F4B231B411EA20067A50E /* ViewController.m in Sources */,
				096F4B201B411EA20067A50E /* AppDelegate.m in Sources */,
				096F4B1D1B411EA20067A50E /* main.m in Sources */,
			);
			runOnlyForDeploymentPostprocessing = 0;
		};
		096F4B2C1B411EA20067A50E /* Sources */ = {
			isa = PBXSourcesBuildPhase;
			buildActionMask = 2147483647;
			files = (
				096F4B371B411EA20067A50E /* DZLoadMoreDemoTests.m in Sources */,
			);
			runOnlyForDeploymentPostprocessing = 0;
		};
/* End PBXSourcesBuildPhase section */

/* Begin PBXTargetDependency section */
		096F4B321B411EA20067A50E /* PBXTargetDependency */ = {
			isa = PBXTargetDependency;
			target = 096F4B161B411EA20067A50E /* DZLoadMoreDemo */;
			targetProxy = 096F4B311B411EA20067A50E /* PBXContainerItemProxy */;
		};
/* End PBXTargetDependency section */

/* Begin PBXVariantGroup section */
		096F4B241B411EA20067A50E /* Main.storyboard */ = {
			isa = PBXVariantGroup;
			children = (
				096F4B251B411EA20067A50E /* Base */,
			);
			name = Main.storyboard;
			sourceTree = "<group>";
		};
		096F4B291B411EA20067A50E /* LaunchScreen.xib */ = {
			isa = PBXVariantGroup;
			children = (
				096F4B2A1B411EA20067A50E /* Base */,
			);
			name = LaunchScreen.xib;
			sourceTree = "<group>";
		};
/* End PBXVariantGroup section */

/* Begin XCBuildConfiguration section */
		096F4B381B411EA20067A50E /* Debug */ = {
			isa = XCBuildConfiguration;
			buildSettings = {
				ALWAYS_SEARCH_USER_PATHS = NO;
				CLANG_CXX_LANGUAGE_STANDARD = "gnu++0x";
				CLANG_CXX_LIBRARY = "libc++";
				CLANG_ENABLE_MODULES = YES;
				CLANG_ENABLE_OBJC_ARC = YES;
				CLANG_WARN_BOOL_CONVERSION = YES;
				CLANG_WARN_CONSTANT_CONVERSION = YES;
				CLANG_WARN_DIRECT_OBJC_ISA_USAGE = YES_ERROR;
				CLANG_WARN_EMPTY_BODY = YES;
				CLANG_WARN_ENUM_CONVERSION = YES;
				CLANG_WARN_INT_CONVERSION = YES;
				CLANG_WARN_OBJC_ROOT_CLASS = YES_ERROR;
				CLANG_WARN_UNREACHABLE_CODE = YES;
				CLANG_WARN__DUPLICATE_METHOD_MATCH = YES;
				"CODE_SIGN_IDENTITY[sdk=iphoneos*]" = "iPhone Developer";
				COPY_PHASE_STRIP = NO;
				DEBUG_INFORMATION_FORMAT = "dwarf-with-dsym";
				ENABLE_STRICT_OBJC_MSGSEND = YES;
				GCC_C_LANGUAGE_STANDARD = gnu99;
				GCC_DYNAMIC_NO_PIC = NO;
				GCC_NO_COMMON_BLOCKS = YES;
				GCC_OPTIMIZATION_LEVEL = 0;
				GCC_PREPROCESSOR_DEFINITIONS = (
					"DEBUG=1",
					"$(inherited)",
				);
				GCC_SYMBOLS_PRIVATE_EXTERN = NO;
				GCC_WARN_64_TO_32_BIT_CONVERSION = YES;
				GCC_WARN_ABOUT_RETURN_TYPE = YES_ERROR;
				GCC_WARN_UNDECLARED_SELECTOR = YES;
				GCC_WARN_UNINITIALIZED_AUTOS = YES_AGGRESSIVE;
				GCC_WARN_UNUSED_FUNCTION = YES;
				GCC_WARN_UNUSED_VARIABLE = YES;
				IPHONEOS_DEPLOYMENT_TARGET = 8.3;
				MTL_ENABLE_DEBUG_INFO = YES;
				ONLY_ACTIVE_ARCH = YES;
				SDKROOT = iphoneos;
				TARGETED_DEVICE_FAMILY = "1,2";
			};
			name = Debug;
		};
		096F4B391B411EA20067A50E /* Release */ = {
			isa = XCBuildConfiguration;
			buildSettings = {
				ALWAYS_SEARCH_USER_PATHS = NO;
				CLANG_CXX_LANGUAGE_STANDARD = "gnu++0x";
				CLANG_CXX_LIBRARY = "libc++";
				CLANG_ENABLE_MODULES = YES;
				CLANG_ENABLE_OBJC_ARC = YES;
				CLANG_WARN_BOOL_CONVERSION = YES;
				CLANG_WARN_CONSTANT_CONVERSION = YES;
				CLANG_WARN_DIRECT_OBJC_ISA_USAGE = YES_ERROR;
				CLANG_WARN_EMPTY_BODY = YES;
				CLANG_WARN_ENUM_CONVERSION = YES;
				CLANG_WARN_INT_CONVERSION = YES;
				CLANG_WARN_OBJC_ROOT_CLASS = YES_ERROR;
				CLANG_WARN_UNREACHABLE_CODE = YES;
				CLANG_WARN__DUPLICATE_METHOD_MATCH = YES;
				"CODE_SIGN_IDENTITY[sdk=iphoneos*]" = "iPhone Developer";
				COPY_PHASE_STRIP = NO;
				DEBUG_INFORMATION_FORMAT = "dwarf-with-dsym";
				ENABLE_NS_ASSERTIONS = NO;
				ENABLE_STRICT_OBJC_MSGSEND = YES;
				GCC_C_LANGUAGE_STANDARD = gnu99;
				GCC_NO_COMMON_BLOCKS = YES;
				GCC_WARN_64_TO_32_BIT_CONVERSION = YES;
				GCC_WARN_ABOUT_RETURN_TYPE = YES_ERROR;
				GCC_WARN_UNDECLARED_SELECTOR = YES;
				GCC_WARN_UNINITIALIZED_AUTOS = YES_AGGRESSIVE;
				GCC_WARN_UNUSED_FUNCTION = YES;
				GCC_WARN_UNUSED_VARIABLE = YES;
				IPHONEOS_DEPLOYMENT_TARGET = 8.3;
				MTL_ENABLE_DEBUG_INFO = NO;
				SDKROOT = iphoneos;
				TARGETED_DEVICE_FAMILY = "1,2";
				VALIDATE_PRODUCT = YES;
			};
			name = Release;
		};
		096F4B3B1B411EA20067A50E /* Debug */ = {
			isa = XCBuildConfiguration;
			buildSettings = {
				ASSETCATALOG_COMPILER_APPICON_NAME = AppIcon;
				INFOPLIST_FILE = DZLoadMoreDemo/Info.plist;
				LD_RUNPATH_SEARCH_PATHS = "$(inherited) @executable_path/Frameworks";
				PRODUCT_NAME = "$(TARGET_NAME)";
			};
			name = Debug;
		};
		096F4B3C1B411EA20067A50E /* Release */ = {
			isa = XCBuildConfiguration;
			buildSettings = {
				ASSETCATALOG_COMPILER_APPICON_NAME = AppIcon;
				INFOPLIST_FILE = DZLoadMoreDemo/Info.plist;
				LD_RUNPATH_SEARCH_PATHS = "$(inherited) @executable_path/Frameworks";
				PRODUCT_NAME = "$(TARGET_NAME)";
			};
			name = Release;
		};
		096F4B3E1B411EA20067A50E /* Debug */ = {
			isa = XCBuildConfiguration;
			buildSettings = {
				BUNDLE_LOADER = "$(TEST_HOST)";
				FRAMEWORK_SEARCH_PATHS = (
					"$(SDKROOT)/Developer/Library/Frameworks",
					"$(inherited)",
				);
				GCC_PREPROCESSOR_DEFINITIONS = (
					"DEBUG=1",
					"$(inherited)",
				);
				INFOPLIST_FILE = DZLoadMoreDemoTests/Info.plist;
				LD_RUNPATH_SEARCH_PATHS = "$(inherited) @executable_path/Frameworks @loader_path/Frameworks";
				PRODUCT_NAME = "$(TARGET_NAME)";
				TEST_HOST = "$(BUILT_PRODUCTS_DIR)/DZLoadMoreDemo.app/DZLoadMoreDemo";
			};
			name = Debug;
		};
		096F4B3F1B411EA20067A50E /* Release */ = {
			isa = XCBuildConfiguration;
			buildSettings = {
				BUNDLE_LOADER = "$(TEST_HOST)";
				FRAMEWORK_SEARCH_PATHS = (
					"$(SDKROOT)/Developer/Library/Frameworks",
					"$(inherited)",
				);
				INFOPLIST_FILE = DZLoadMoreDemoTests/Info.plist;
				LD_RUNPATH_SEARCH_PATHS = "$(inherited) @executable_path/Frameworks @loader_path/Frameworks";
				PRODUCT_NAME = "$(TARGET_NAME)";
				TEST_HOST = "$(BUILT_PRODUCTS_DIR)/DZLoadMoreDemo.app/DZLoadMoreDemo";
			};
			name = Release;
		};
/* End XCBuildConfiguration section */

/* Begin XCConfigurationList section */
		096F4B121B411EA20067A50E /* Build configuration list for PBXProject "DZLoadMoreDemo" */ = {
			isa = XCConfigurationList;
			buildConfigurations = (
				096F4B381B411EA20067A50E /* Debug */,
				096F4B391B411EA20067A50E /* Release */,
			);
			defaultConfigurationIsVisible = 0;
			defaultConfigurationName = Release;
		};
		096F4B3A1B411EA20067A50E /* Build configuration list for PBXNativeTarget "DZLoadMoreDemo" */ = {
			isa = XCConfigurationList;
			buildConfigurations = (
				096F4B3B1B411EA20067A50E /* Debug */,
				096F4B3C1B411EA20067A50E /* Release */,
			);
			defaultConfigurationIsVisible = 0;
		};
		096F4B3D1B411EA20067A50E /* Build configuration list for PBXNativeTarget "DZLoadMoreDemoTests" */ = {
			isa = XCConfigurationList;
			buildConfigurations = (
				096F4B3E1B411EA20067A50E /* Debug */,
				096F4B3F1B411EA20067A50E /* Release */,
			);
			defaultConfigurationIsVisible = 0;
		};
/* End XCConfigurationList section */
	};
	rootObject = 096F4B0F1B411EA20067A50E /* Project object */;
}
